# This file is automatically @generated by Cargo.
# It is not intended for manual editing.
version = 3

[[package]]
name = "adlp-cli"
version = "0.1.0"
dependencies = [
 "adlp-protocol",
 "audio-modem-core",
]

[[package]]
name = "adlp-protocol"
version = "0.1.0"

[[package]]
name = "audio-modem-core"
version = "0.1.0"
dependencies = [
 "adlp-protocol",
]
